
Microsoft Visual Studio Solution File, Format Version 12.00
# Visual Studio 2012
Project("{FAE04EC0-301F-11D3-BF4B-00C04F79EFBC}") = "Calculator", "Calculator\Calculator.csproj", "{91CC2C02-72EA-43AF-95B0-F45EDF91538E}"
EndProject
Project("{FAE04EC0-301F-11D3-BF4B-00C04F79EFBC}") = "Calculator.Tests", "Calculator.Tests\Calculator.Tests.csproj", "{A40B7775-7A62-4E76-928A-346F916B48C7}"
EndProject
Project("{FAE04EC0-301F-11D3-BF4B-00C04F79EFBC}") = "Calculator.DemoApp", "Calculator.DemoApp\Calculator.DemoApp.csproj", "{EEAA24A6-484B-447E-8557-1DE68F4C065D}"
EndProject
Project("{FAE04EC0-301F-11D3-BF4B-00C04F79EFBC}") = "Calculator.Benchmark", "Calculator.Benchmark\Calculator.Benchmark.csproj", "{1418C55E-4FD1-460C-B2E5-4322C03AB5A2}"
EndProject
Global
	GlobalSection(SolutionConfigurationPlatforms) = preSolution
		Debug|Any CPU = Debug|Any CPU
		Release|Any CPU = Release|Any CPU
	EndGlobalSection
	GlobalSection(ProjectConfigurationPlatforms) = postSolution
		{91CC2C02-72EA-43AF-95B0-F45EDF91538E}.Debug|Any CPU.ActiveCfg = Debug|Any CPU
		{91CC2C02-72EA-43AF-95B0-F45EDF91538E}.Debug|Any CPU.Build.0 = Debug|Any CPU
		{91CC2C02-72EA-43AF-95B0-F45EDF91538E}.Release|Any CPU.ActiveCfg = Release|Any CPU
		{91CC2C02-72EA-43AF-95B0-F45EDF91538E}.Release|Any CPU.Build.0 = Release|Any CPU
		{A40B7775-7A62-4E76-928A-346F916B48C7}.Debug|Any CPU.ActiveCfg = Debug|Any CPU
		{A40B7775-7A62-4E76-928A-346F916B48C7}.Debug|Any CPU.Build.0 = Debug|Any CPU
		{A40B7775-7A62-4E76-928A-346F916B48C7}.Release|Any CPU.ActiveCfg = Release|Any CPU
		{A40B7775-7A62-4E76-928A-346F916B48C7}.Release|Any CPU.Build.0 = Release|Any CPU
		{EEAA24A6-484B-447E-8557-1DE68F4C065D}.Debug|Any CPU.ActiveCfg = Debug|Any CPU
		{EEAA24A6-484B-447E-8557-1DE68F4C065D}.Debug|Any CPU.Build.0 = Debug|Any CPU
		{EEAA24A6-484B-447E-8557-1DE68F4C065D}.Release|Any CPU.ActiveCfg = Release|Any CPU
		{EEAA24A6-484B-447E-8557-1DE68F4C065D}.Release|Any CPU.Build.0 = Release|Any CPU
		{1418C55E-4FD1-460C-B2E5-4322C03AB5A2}.Debug|Any CPU.ActiveCfg = Debug|Any CPU
		{1418C55E-4FD1-460C-B2E5-4322C03AB5A2}.Debug|Any CPU.Build.0 = Debug|Any CPU
		{1418C55E-4FD1-460C-B2E5-4322C03AB5A2}.Release|Any CPU.ActiveCfg = Release|Any CPU
		{1418C55E-4FD1-460C-B2E5-4322C03AB5A2}.Release|Any CPU.Build.0 = Release|Any CPU
	EndGlobalSection
	GlobalSection(SolutionProperties) = preSolution
		HideSolutionNode = FALSE
	EndGlobalSection
EndGlobal
