
Microsoft Visual Studio Solution File, Format Version 12.00
# Visual Studio 14
VisualStudioVersion = 14.0.23107.0
MinimumVisualStudioVersion = 10.0.40219.1
Project("{FAE04EC0-301F-11D3-BF4B-00C04F79EFBC}") = "Jace", "Jace\Jace.csproj", "{91CC2C02-72EA-43AF-95B0-F45EDF91538E}"
EndProject
Project("{FAE04EC0-301F-11D3-BF4B-00C04F79EFBC}") = "Jace.Tests", "Jace.Tests\Jace.Tests.csproj", "{A40B7775-7A62-4E76-928A-346F916B48C7}"
EndProject
Project("{FAE04EC0-301F-11D3-BF4B-00C04F79EFBC}") = "Jace.DemoApp", "Jace.DemoApp\Jace.DemoApp.csproj", "{EEAA24A6-484B-447E-8557-1DE68F4C065D}"
EndProject
Project("{FAE04EC0-301F-11D3-BF4B-00C04F79EFBC}") = "Jace.Benchmark", "Jace.Benchmark\Jace.Benchmark.csproj", "{1418C55E-4FD1-460C-B2E5-4322C03AB5A2}"
EndProject
Project("{FAE04EC0-301F-11D3-BF4B-00C04F79EFBC}") = "Jace.WinRT.Tests", "Jace.WinRT.Tests\Jace.WinRT.Tests.csproj", "{64F6529F-1BBD-459F-B609-5A334E5CBB03}"
EndProject
Project("{FAE04EC0-301F-11D3-BF4B-00C04F79EFBC}") = "Jace.WP8", "Jace.WP8\Jace.WP8.csproj", "{EBAD9DA0-DCF4-413C-8847-D7ECFB28AB1F}"
EndProject
Project("{FAE04EC0-301F-11D3-BF4B-00C04F79EFBC}") = "Jace.Portable", "Jace.Portable\Jace.Portable.csproj", "{67D42170-0122-4B05-9FA9-191FC44E7C95}"
EndProject
Project("{FAE04EC0-301F-11D3-BF4B-00C04F79EFBC}") = "Jace.Android", "Jace.Android\Jace.Android.csproj", "{C19E885A-0232-43BF-8EC5-06C245319525}"
EndProject
Project("{FAE04EC0-301F-11D3-BF4B-00C04F79EFBC}") = "Jace.Android.Tests", "Jace.Android.Tests\Jace.Android.Tests.csproj", "{1F3440D3-2C9E-48E1-A90E-F0AD2EC86421}"
EndProject
Global
	GlobalSection(SolutionConfigurationPlatforms) = preSolution
		Debug|Any CPU = Debug|Any CPU
		Debug|ARM = Debug|ARM
		Debug|x64 = Debug|x64
		Debug|x86 = Debug|x86
		Release|Any CPU = Release|Any CPU
		Release|ARM = Release|ARM
		Release|x64 = Release|x64
		Release|x86 = Release|x86
	EndGlobalSection
	GlobalSection(ProjectConfigurationPlatforms) = postSolution
		{91CC2C02-72EA-43AF-95B0-F45EDF91538E}.Debug|Any CPU.ActiveCfg = Debug|Any CPU
		{91CC2C02-72EA-43AF-95B0-F45EDF91538E}.Debug|Any CPU.Build.0 = Debug|Any CPU
		{91CC2C02-72EA-43AF-95B0-F45EDF91538E}.Debug|ARM.ActiveCfg = Debug|Any CPU
		{91CC2C02-72EA-43AF-95B0-F45EDF91538E}.Debug|x64.ActiveCfg = Debug|Any CPU
		{91CC2C02-72EA-43AF-95B0-F45EDF91538E}.Debug|x86.ActiveCfg = Debug|Any CPU
		{91CC2C02-72EA-43AF-95B0-F45EDF91538E}.Release|Any CPU.ActiveCfg = Release|Any CPU
		{91CC2C02-72EA-43AF-95B0-F45EDF91538E}.Release|Any CPU.Build.0 = Release|Any CPU
		{91CC2C02-72EA-43AF-95B0-F45EDF91538E}.Release|ARM.ActiveCfg = Release|Any CPU
		{91CC2C02-72EA-43AF-95B0-F45EDF91538E}.Release|x64.ActiveCfg = Release|Any CPU
		{91CC2C02-72EA-43AF-95B0-F45EDF91538E}.Release|x86.ActiveCfg = Release|Any CPU
		{A40B7775-7A62-4E76-928A-346F916B48C7}.Debug|Any CPU.ActiveCfg = Debug|Any CPU
		{A40B7775-7A62-4E76-928A-346F916B48C7}.Debug|Any CPU.Build.0 = Debug|Any CPU
		{A40B7775-7A62-4E76-928A-346F916B48C7}.Debug|ARM.ActiveCfg = Debug|Any CPU
		{A40B7775-7A62-4E76-928A-346F916B48C7}.Debug|x64.ActiveCfg = Debug|Any CPU
		{A40B7775-7A62-4E76-928A-346F916B48C7}.Debug|x86.ActiveCfg = Debug|Any CPU
		{A40B7775-7A62-4E76-928A-346F916B48C7}.Release|Any CPU.ActiveCfg = Release|Any CPU
		{A40B7775-7A62-4E76-928A-346F916B48C7}.Release|Any CPU.Build.0 = Release|Any CPU
		{A40B7775-7A62-4E76-928A-346F916B48C7}.Release|ARM.ActiveCfg = Release|Any CPU
		{A40B7775-7A62-4E76-928A-346F916B48C7}.Release|x64.ActiveCfg = Release|Any CPU
		{A40B7775-7A62-4E76-928A-346F916B48C7}.Release|x86.ActiveCfg = Release|Any CPU
		{EEAA24A6-484B-447E-8557-1DE68F4C065D}.Debug|Any CPU.ActiveCfg = Debug|Any CPU
		{EEAA24A6-484B-447E-8557-1DE68F4C065D}.Debug|Any CPU.Build.0 = Debug|Any CPU
		{EEAA24A6-484B-447E-8557-1DE68F4C065D}.Debug|ARM.ActiveCfg = Debug|Any CPU
		{EEAA24A6-484B-447E-8557-1DE68F4C065D}.Debug|x64.ActiveCfg = Debug|Any CPU
		{EEAA24A6-484B-447E-8557-1DE68F4C065D}.Debug|x86.ActiveCfg = Debug|Any CPU
		{EEAA24A6-484B-447E-8557-1DE68F4C065D}.Release|Any CPU.ActiveCfg = Release|Any CPU
		{EEAA24A6-484B-447E-8557-1DE68F4C065D}.Release|Any CPU.Build.0 = Release|Any CPU
		{EEAA24A6-484B-447E-8557-1DE68F4C065D}.Release|ARM.ActiveCfg = Release|Any CPU
		{EEAA24A6-484B-447E-8557-1DE68F4C065D}.Release|x64.ActiveCfg = Release|Any CPU
		{EEAA24A6-484B-447E-8557-1DE68F4C065D}.Release|x86.ActiveCfg = Release|Any CPU
		{1418C55E-4FD1-460C-B2E5-4322C03AB5A2}.Debug|Any CPU.ActiveCfg = Debug|Any CPU
		{1418C55E-4FD1-460C-B2E5-4322C03AB5A2}.Debug|Any CPU.Build.0 = Debug|Any CPU
		{1418C55E-4FD1-460C-B2E5-4322C03AB5A2}.Debug|ARM.ActiveCfg = Debug|Any CPU
		{1418C55E-4FD1-460C-B2E5-4322C03AB5A2}.Debug|x64.ActiveCfg = Debug|Any CPU
		{1418C55E-4FD1-460C-B2E5-4322C03AB5A2}.Debug|x86.ActiveCfg = Debug|Any CPU
		{1418C55E-4FD1-460C-B2E5-4322C03AB5A2}.Release|Any CPU.ActiveCfg = Release|Any CPU
		{1418C55E-4FD1-460C-B2E5-4322C03AB5A2}.Release|Any CPU.Build.0 = Release|Any CPU
		{1418C55E-4FD1-460C-B2E5-4322C03AB5A2}.Release|ARM.ActiveCfg = Release|Any CPU
		{1418C55E-4FD1-460C-B2E5-4322C03AB5A2}.Release|x64.ActiveCfg = Release|Any CPU
		{1418C55E-4FD1-460C-B2E5-4322C03AB5A2}.Release|x86.ActiveCfg = Release|Any CPU
		{64F6529F-1BBD-459F-B609-5A334E5CBB03}.Debug|Any CPU.ActiveCfg = Debug|Any CPU
		{64F6529F-1BBD-459F-B609-5A334E5CBB03}.Debug|Any CPU.Build.0 = Debug|Any CPU
		{64F6529F-1BBD-459F-B609-5A334E5CBB03}.Debug|Any CPU.Deploy.0 = Debug|Any CPU
		{64F6529F-1BBD-459F-B609-5A334E5CBB03}.Debug|ARM.ActiveCfg = Debug|ARM
		{64F6529F-1BBD-459F-B609-5A334E5CBB03}.Debug|ARM.Build.0 = Debug|ARM
		{64F6529F-1BBD-459F-B609-5A334E5CBB03}.Debug|ARM.Deploy.0 = Debug|ARM
		{64F6529F-1BBD-459F-B609-5A334E5CBB03}.Debug|x64.ActiveCfg = Debug|x64
		{64F6529F-1BBD-459F-B609-5A334E5CBB03}.Debug|x64.Build.0 = Debug|x64
		{64F6529F-1BBD-459F-B609-5A334E5CBB03}.Debug|x64.Deploy.0 = Debug|x64
		{64F6529F-1BBD-459F-B609-5A334E5CBB03}.Debug|x86.ActiveCfg = Debug|x86
		{64F6529F-1BBD-459F-B609-5A334E5CBB03}.Debug|x86.Build.0 = Debug|x86
		{64F6529F-1BBD-459F-B609-5A334E5CBB03}.Debug|x86.Deploy.0 = Debug|x86
		{64F6529F-1BBD-459F-B609-5A334E5CBB03}.Release|Any CPU.ActiveCfg = Release|Any CPU
		{64F6529F-1BBD-459F-B609-5A334E5CBB03}.Release|Any CPU.Build.0 = Release|Any CPU
		{64F6529F-1BBD-459F-B609-5A334E5CBB03}.Release|Any CPU.Deploy.0 = Release|Any CPU
		{64F6529F-1BBD-459F-B609-5A334E5CBB03}.Release|ARM.ActiveCfg = Release|ARM
		{64F6529F-1BBD-459F-B609-5A334E5CBB03}.Release|ARM.Build.0 = Release|ARM
		{64F6529F-1BBD-459F-B609-5A334E5CBB03}.Release|ARM.Deploy.0 = Release|ARM
		{64F6529F-1BBD-459F-B609-5A334E5CBB03}.Release|x64.ActiveCfg = Release|x64
		{64F6529F-1BBD-459F-B609-5A334E5CBB03}.Release|x64.Build.0 = Release|x64
		{64F6529F-1BBD-459F-B609-5A334E5CBB03}.Release|x64.Deploy.0 = Release|x64
		{64F6529F-1BBD-459F-B609-5A334E5CBB03}.Release|x86.ActiveCfg = Release|x86
		{64F6529F-1BBD-459F-B609-5A334E5CBB03}.Release|x86.Build.0 = Release|x86
		{64F6529F-1BBD-459F-B609-5A334E5CBB03}.Release|x86.Deploy.0 = Release|x86
		{EBAD9DA0-DCF4-413C-8847-D7ECFB28AB1F}.Debug|Any CPU.ActiveCfg = Debug|Any CPU
		{EBAD9DA0-DCF4-413C-8847-D7ECFB28AB1F}.Debug|Any CPU.Build.0 = Debug|Any CPU
		{EBAD9DA0-DCF4-413C-8847-D7ECFB28AB1F}.Debug|ARM.ActiveCfg = Debug|ARM
		{EBAD9DA0-DCF4-413C-8847-D7ECFB28AB1F}.Debug|ARM.Build.0 = Debug|ARM
		{EBAD9DA0-DCF4-413C-8847-D7ECFB28AB1F}.Debug|x64.ActiveCfg = Debug|Any CPU
		{EBAD9DA0-DCF4-413C-8847-D7ECFB28AB1F}.Debug|x86.ActiveCfg = Debug|x86
		{EBAD9DA0-DCF4-413C-8847-D7ECFB28AB1F}.Debug|x86.Build.0 = Debug|x86
		{EBAD9DA0-DCF4-413C-8847-D7ECFB28AB1F}.Release|Any CPU.ActiveCfg = Release|Any CPU
		{EBAD9DA0-DCF4-413C-8847-D7ECFB28AB1F}.Release|Any CPU.Build.0 = Release|Any CPU
		{EBAD9DA0-DCF4-413C-8847-D7ECFB28AB1F}.Release|ARM.ActiveCfg = Release|ARM
		{EBAD9DA0-DCF4-413C-8847-D7ECFB28AB1F}.Release|ARM.Build.0 = Release|ARM
		{EBAD9DA0-DCF4-413C-8847-D7ECFB28AB1F}.Release|x64.ActiveCfg = Release|Any CPU
		{EBAD9DA0-DCF4-413C-8847-D7ECFB28AB1F}.Release|x86.ActiveCfg = Release|x86
		{EBAD9DA0-DCF4-413C-8847-D7ECFB28AB1F}.Release|x86.Build.0 = Release|x86
		{67D42170-0122-4B05-9FA9-191FC44E7C95}.Debug|Any CPU.ActiveCfg = Debug|Any CPU
		{67D42170-0122-4B05-9FA9-191FC44E7C95}.Debug|Any CPU.Build.0 = Debug|Any CPU
		{67D42170-0122-4B05-9FA9-191FC44E7C95}.Debug|ARM.ActiveCfg = Debug|ARM
		{67D42170-0122-4B05-9FA9-191FC44E7C95}.Debug|ARM.Build.0 = Debug|ARM
		{67D42170-0122-4B05-9FA9-191FC44E7C95}.Debug|x64.ActiveCfg = Debug|x64
		{67D42170-0122-4B05-9FA9-191FC44E7C95}.Debug|x64.Build.0 = Debug|x64
		{67D42170-0122-4B05-9FA9-191FC44E7C95}.Debug|x86.ActiveCfg = Debug|x86
		{67D42170-0122-4B05-9FA9-191FC44E7C95}.Debug|x86.Build.0 = Debug|x86
		{67D42170-0122-4B05-9FA9-191FC44E7C95}.Release|Any CPU.ActiveCfg = Release|Any CPU
		{67D42170-0122-4B05-9FA9-191FC44E7C95}.Release|Any CPU.Build.0 = Release|Any CPU
		{67D42170-0122-4B05-9FA9-191FC44E7C95}.Release|ARM.ActiveCfg = Release|ARM
		{67D42170-0122-4B05-9FA9-191FC44E7C95}.Release|ARM.Build.0 = Release|ARM
		{67D42170-0122-4B05-9FA9-191FC44E7C95}.Release|x64.ActiveCfg = Release|x64
		{67D42170-0122-4B05-9FA9-191FC44E7C95}.Release|x64.Build.0 = Release|x64
		{67D42170-0122-4B05-9FA9-191FC44E7C95}.Release|x86.ActiveCfg = Release|x86
		{67D42170-0122-4B05-9FA9-191FC44E7C95}.Release|x86.Build.0 = Release|x86
		{C19E885A-0232-43BF-8EC5-06C245319525}.Debug|Any CPU.ActiveCfg = Debug|Any CPU
		{C19E885A-0232-43BF-8EC5-06C245319525}.Debug|Any CPU.Build.0 = Debug|Any CPU
		{C19E885A-0232-43BF-8EC5-06C245319525}.Debug|ARM.ActiveCfg = Debug|Any CPU
		{C19E885A-0232-43BF-8EC5-06C245319525}.Debug|ARM.Build.0 = Debug|Any CPU
		{C19E885A-0232-43BF-8EC5-06C245319525}.Debug|x64.ActiveCfg = Debug|Any CPU
		{C19E885A-0232-43BF-8EC5-06C245319525}.Debug|x64.Build.0 = Debug|Any CPU
		{C19E885A-0232-43BF-8EC5-06C245319525}.Debug|x86.ActiveCfg = Debug|Any CPU
		{C19E885A-0232-43BF-8EC5-06C245319525}.Debug|x86.Build.0 = Debug|Any CPU
		{C19E885A-0232-43BF-8EC5-06C245319525}.Release|Any CPU.ActiveCfg = Release|Any CPU
		{C19E885A-0232-43BF-8EC5-06C245319525}.Release|Any CPU.Build.0 = Release|Any CPU
		{C19E885A-0232-43BF-8EC5-06C245319525}.Release|ARM.ActiveCfg = Release|Any CPU
		{C19E885A-0232-43BF-8EC5-06C245319525}.Release|ARM.Build.0 = Release|Any CPU
		{C19E885A-0232-43BF-8EC5-06C245319525}.Release|x64.ActiveCfg = Release|Any CPU
		{C19E885A-0232-43BF-8EC5-06C245319525}.Release|x64.Build.0 = Release|Any CPU
		{C19E885A-0232-43BF-8EC5-06C245319525}.Release|x86.ActiveCfg = Release|Any CPU
		{C19E885A-0232-43BF-8EC5-06C245319525}.Release|x86.Build.0 = Release|Any CPU
		{1F3440D3-2C9E-48E1-A90E-F0AD2EC86421}.Debug|Any CPU.ActiveCfg = Debug|Any CPU
		{1F3440D3-2C9E-48E1-A90E-F0AD2EC86421}.Debug|Any CPU.Build.0 = Debug|Any CPU
		{1F3440D3-2C9E-48E1-A90E-F0AD2EC86421}.Debug|Any CPU.Deploy.0 = Debug|Any CPU
		{1F3440D3-2C9E-48E1-A90E-F0AD2EC86421}.Debug|ARM.ActiveCfg = Debug|Any CPU
		{1F3440D3-2C9E-48E1-A90E-F0AD2EC86421}.Debug|ARM.Build.0 = Debug|Any CPU
		{1F3440D3-2C9E-48E1-A90E-F0AD2EC86421}.Debug|ARM.Deploy.0 = Debug|Any CPU
		{1F3440D3-2C9E-48E1-A90E-F0AD2EC86421}.Debug|x64.ActiveCfg = Debug|Any CPU
		{1F3440D3-2C9E-48E1-A90E-F0AD2EC86421}.Debug|x64.Build.0 = Debug|Any CPU
		{1F3440D3-2C9E-48E1-A90E-F0AD2EC86421}.Debug|x64.Deploy.0 = Debug|Any CPU
		{1F3440D3-2C9E-48E1-A90E-F0AD2EC86421}.Debug|x86.ActiveCfg = Debug|Any CPU
		{1F3440D3-2C9E-48E1-A90E-F0AD2EC86421}.Debug|x86.Build.0 = Debug|Any CPU
		{1F3440D3-2C9E-48E1-A90E-F0AD2EC86421}.Debug|x86.Deploy.0 = Debug|Any CPU
		{1F3440D3-2C9E-48E1-A90E-F0AD2EC86421}.Release|Any CPU.ActiveCfg = Release|Any CPU
		{1F3440D3-2C9E-48E1-A90E-F0AD2EC86421}.Release|Any CPU.Build.0 = Release|Any CPU
		{1F3440D3-2C9E-48E1-A90E-F0AD2EC86421}.Release|Any CPU.Deploy.0 = Release|Any CPU
		{1F3440D3-2C9E-48E1-A90E-F0AD2EC86421}.Release|ARM.ActiveCfg = Release|Any CPU
		{1F3440D3-2C9E-48E1-A90E-F0AD2EC86421}.Release|ARM.Build.0 = Release|Any CPU
		{1F3440D3-2C9E-48E1-A90E-F0AD2EC86421}.Release|ARM.Deploy.0 = Release|Any CPU
		{1F3440D3-2C9E-48E1-A90E-F0AD2EC86421}.Release|x64.ActiveCfg = Release|Any CPU
		{1F3440D3-2C9E-48E1-A90E-F0AD2EC86421}.Release|x64.Build.0 = Release|Any CPU
		{1F3440D3-2C9E-48E1-A90E-F0AD2EC86421}.Release|x64.Deploy.0 = Release|Any CPU
		{1F3440D3-2C9E-48E1-A90E-F0AD2EC86421}.Release|x86.ActiveCfg = Release|Any CPU
		{1F3440D3-2C9E-48E1-A90E-F0AD2EC86421}.Release|x86.Build.0 = Release|Any CPU
		{1F3440D3-2C9E-48E1-A90E-F0AD2EC86421}.Release|x86.Deploy.0 = Release|Any CPU
	EndGlobalSection
	GlobalSection(SolutionProperties) = preSolution
		HideSolutionNode = FALSE
	EndGlobalSection
EndGlobal
