
Microsoft Visual Studio Solution File, Format Version 12.00
# Visual Studio 15
VisualStudioVersion = 15.0.27703.2035
MinimumVisualStudioVersion = 10.0.40219.1
Project("{9A19103F-16F7-4668-BE54-9A1E7A4F7556}") = "Jace", "Jace\Jace.csproj", "{91CC2C02-72EA-43AF-95B0-F45EDF91538E}"
EndProject
Project("{FAE04EC0-301F-11D3-BF4B-00C04F79EFBC}") = "Jace.Tests", "Jace.Tests\Jace.Tests.csproj", "{A40B7775-7A62-4E76-928A-346F916B48C7}"
EndProject
Project("{FAE04EC0-301F-11D3-BF4B-00C04F79EFBC}") = "Jace.DemoApp", "Jace.DemoApp\Jace.DemoApp.csproj", "{EEAA24A6-484B-447E-8557-1DE68F4C065D}"
EndProject
Project("{FAE04EC0-301F-11D3-BF4B-00C04F79EFBC}") = "Jace.Benchmark", "Jace.Benchmark\Jace.Benchmark.csproj", "{1418C55E-4FD1-460C-B2E5-4322C03AB5A2}"
EndProject
Project("{FAE04EC0-301F-11D3-BF4B-00C04F79EFBC}") = "Jace.Core.Tests", "Jace.Core.Tests\Jace.Core.Tests.csproj", "{B3C87650-2E04-4E09-9864-F4B706A7B00D}"
EndProject
Global
	GlobalSection(SolutionConfigurationPlatforms) = preSolution
		Debug|Any CPU = Debug|Any CPU
		Debug|ARM = Debug|ARM
		Debug|x64 = Debug|x64
		Debug|x86 = Debug|x86
		Release|Any CPU = Release|Any CPU
		Release|ARM = Release|ARM
		Release|x64 = Release|x64
		Release|x86 = Release|x86
	EndGlobalSection
	GlobalSection(ProjectConfigurationPlatforms) = postSolution
		{91CC2C02-72EA-43AF-95B0-F45EDF91538E}.Debug|Any CPU.ActiveCfg = Debug|Any CPU
		{91CC2C02-72EA-43AF-95B0-F45EDF91538E}.Debug|Any CPU.Build.0 = Debug|Any CPU
		{91CC2C02-72EA-43AF-95B0-F45EDF91538E}.Debug|ARM.ActiveCfg = Debug|Any CPU
		{91CC2C02-72EA-43AF-95B0-F45EDF91538E}.Debug|x64.ActiveCfg = Debug|Any CPU
		{91CC2C02-72EA-43AF-95B0-F45EDF91538E}.Debug|x86.ActiveCfg = Debug|Any CPU
		{91CC2C02-72EA-43AF-95B0-F45EDF91538E}.Release|Any CPU.ActiveCfg = Release|Any CPU
		{91CC2C02-72EA-43AF-95B0-F45EDF91538E}.Release|Any CPU.Build.0 = Release|Any CPU
		{91CC2C02-72EA-43AF-95B0-F45EDF91538E}.Release|ARM.ActiveCfg = Release|Any CPU
		{91CC2C02-72EA-43AF-95B0-F45EDF91538E}.Release|x64.ActiveCfg = Release|Any CPU
		{91CC2C02-72EA-43AF-95B0-F45EDF91538E}.Release|x86.ActiveCfg = Release|Any CPU
		{A40B7775-7A62-4E76-928A-346F916B48C7}.Debug|Any CPU.ActiveCfg = Debug|Any CPU
		{A40B7775-7A62-4E76-928A-346F916B48C7}.Debug|Any CPU.Build.0 = Debug|Any CPU
		{A40B7775-7A62-4E76-928A-346F916B48C7}.Debug|ARM.ActiveCfg = Debug|Any CPU
		{A40B7775-7A62-4E76-928A-346F916B48C7}.Debug|x64.ActiveCfg = Debug|Any CPU
		{A40B7775-7A62-4E76-928A-346F916B48C7}.Debug|x86.ActiveCfg = Debug|Any CPU
		{A40B7775-7A62-4E76-928A-346F916B48C7}.Release|Any CPU.ActiveCfg = Release|Any CPU
		{A40B7775-7A62-4E76-928A-346F916B48C7}.Release|Any CPU.Build.0 = Release|Any CPU
		{A40B7775-7A62-4E76-928A-346F916B48C7}.Release|ARM.ActiveCfg = Release|Any CPU
		{A40B7775-7A62-4E76-928A-346F916B48C7}.Release|x64.ActiveCfg = Release|Any CPU
		{A40B7775-7A62-4E76-928A-346F916B48C7}.Release|x86.ActiveCfg = Release|Any CPU
		{EEAA24A6-484B-447E-8557-1DE68F4C065D}.Debug|Any CPU.ActiveCfg = Debug|Any CPU
		{EEAA24A6-484B-447E-8557-1DE68F4C065D}.Debug|Any CPU.Build.0 = Debug|Any CPU
		{EEAA24A6-484B-447E-8557-1DE68F4C065D}.Debug|ARM.ActiveCfg = Debug|Any CPU
		{EEAA24A6-484B-447E-8557-1DE68F4C065D}.Debug|x64.ActiveCfg = Debug|Any CPU
		{EEAA24A6-484B-447E-8557-1DE68F4C065D}.Debug|x86.ActiveCfg = Debug|Any CPU
		{EEAA24A6-484B-447E-8557-1DE68F4C065D}.Release|Any CPU.ActiveCfg = Release|Any CPU
		{EEAA24A6-484B-447E-8557-1DE68F4C065D}.Release|Any CPU.Build.0 = Release|Any CPU
		{EEAA24A6-484B-447E-8557-1DE68F4C065D}.Release|ARM.ActiveCfg = Release|Any CPU
		{EEAA24A6-484B-447E-8557-1DE68F4C065D}.Release|x64.ActiveCfg = Release|Any CPU
		{EEAA24A6-484B-447E-8557-1DE68F4C065D}.Release|x86.ActiveCfg = Release|Any CPU
		{1418C55E-4FD1-460C-B2E5-4322C03AB5A2}.Debug|Any CPU.ActiveCfg = Debug|Any CPU
		{1418C55E-4FD1-460C-B2E5-4322C03AB5A2}.Debug|Any CPU.Build.0 = Debug|Any CPU
		{1418C55E-4FD1-460C-B2E5-4322C03AB5A2}.Debug|ARM.ActiveCfg = Debug|Any CPU
		{1418C55E-4FD1-460C-B2E5-4322C03AB5A2}.Debug|x64.ActiveCfg = Debug|Any CPU
		{1418C55E-4FD1-460C-B2E5-4322C03AB5A2}.Debug|x86.ActiveCfg = Debug|Any CPU
		{1418C55E-4FD1-460C-B2E5-4322C03AB5A2}.Release|Any CPU.ActiveCfg = Release|Any CPU
		{1418C55E-4FD1-460C-B2E5-4322C03AB5A2}.Release|Any CPU.Build.0 = Release|Any CPU
		{1418C55E-4FD1-460C-B2E5-4322C03AB5A2}.Release|ARM.ActiveCfg = Release|Any CPU
		{1418C55E-4FD1-460C-B2E5-4322C03AB5A2}.Release|x64.ActiveCfg = Release|Any CPU
		{1418C55E-4FD1-460C-B2E5-4322C03AB5A2}.Release|x86.ActiveCfg = Release|Any CPU
		{B3C87650-2E04-4E09-9864-F4B706A7B00D}.Debug|Any CPU.ActiveCfg = Debug|Any CPU
		{B3C87650-2E04-4E09-9864-F4B706A7B00D}.Debug|Any CPU.Build.0 = Debug|Any CPU
		{B3C87650-2E04-4E09-9864-F4B706A7B00D}.Debug|ARM.ActiveCfg = Debug|Any CPU
		{B3C87650-2E04-4E09-9864-F4B706A7B00D}.Debug|ARM.Build.0 = Debug|Any CPU
		{B3C87650-2E04-4E09-9864-F4B706A7B00D}.Debug|x64.ActiveCfg = Debug|Any CPU
		{B3C87650-2E04-4E09-9864-F4B706A7B00D}.Debug|x64.Build.0 = Debug|Any CPU
		{B3C87650-2E04-4E09-9864-F4B706A7B00D}.Debug|x86.ActiveCfg = Debug|Any CPU
		{B3C87650-2E04-4E09-9864-F4B706A7B00D}.Debug|x86.Build.0 = Debug|Any CPU
		{B3C87650-2E04-4E09-9864-F4B706A7B00D}.Release|Any CPU.ActiveCfg = Release|Any CPU
		{B3C87650-2E04-4E09-9864-F4B706A7B00D}.Release|Any CPU.Build.0 = Release|Any CPU
		{B3C87650-2E04-4E09-9864-F4B706A7B00D}.Release|ARM.ActiveCfg = Release|Any CPU
		{B3C87650-2E04-4E09-9864-F4B706A7B00D}.Release|ARM.Build.0 = Release|Any CPU
		{B3C87650-2E04-4E09-9864-F4B706A7B00D}.Release|x64.ActiveCfg = Release|Any CPU
		{B3C87650-2E04-4E09-9864-F4B706A7B00D}.Release|x64.Build.0 = Release|Any CPU
		{B3C87650-2E04-4E09-9864-F4B706A7B00D}.Release|x86.ActiveCfg = Release|Any CPU
		{B3C87650-2E04-4E09-9864-F4B706A7B00D}.Release|x86.Build.0 = Release|Any CPU
	EndGlobalSection
	GlobalSection(SolutionProperties) = preSolution
		HideSolutionNode = FALSE
	EndGlobalSection
	GlobalSection(ExtensibilityGlobals) = postSolution
		SolutionGuid = {067F7D4B-6E18-4A70-83B2-DB6909956601}
	EndGlobalSection
EndGlobal
