
Microsoft Visual Studio Solution File, Format Version 12.00
# Visual Studio 2012
Project("{FAE04EC0-301F-11D3-BF4B-00C04F79EFBC}") = "Jace.Android", "Jace.Android\Jace.Android.csproj", "{C19E885A-0232-43BF-8EC5-06C245319525}"
EndProject
Project("{FAE04EC0-301F-11D3-BF4B-00C04F79EFBC}") = "Jace.Android.Tests", "Jace.Android.Tests\Jace.Android.Tests.csproj", "{1F3440D3-2C9E-48E1-A90E-F0AD2EC86421}"
EndProject
Global
	GlobalSection(SolutionConfigurationPlatforms) = preSolution
		Debug|Any CPU = Debug|Any CPU
		Debug|ARM = Debug|ARM
		Debug|x64 = Debug|x64
		Debug|x86 = Debug|x86
		Release|Any CPU = Release|Any CPU
		Release|ARM = Release|ARM
		Release|x64 = Release|x64
		Release|x86 = Release|x86
	EndGlobalSection
	GlobalSection(ProjectConfigurationPlatforms) = postSolution
		{1F3440D3-2C9E-48E1-A90E-F0AD2EC86421}.Debug|Any CPU.ActiveCfg = Debug|Any CPU
		{1F3440D3-2C9E-48E1-A90E-F0AD2EC86421}.Debug|Any CPU.Build.0 = Debug|Any CPU
		{1F3440D3-2C9E-48E1-A90E-F0AD2EC86421}.Debug|ARM.ActiveCfg = Debug|Any CPU
		{1F3440D3-2C9E-48E1-A90E-F0AD2EC86421}.Debug|ARM.Build.0 = Debug|Any CPU
		{1F3440D3-2C9E-48E1-A90E-F0AD2EC86421}.Debug|x64.ActiveCfg = Debug|Any CPU
		{1F3440D3-2C9E-48E1-A90E-F0AD2EC86421}.Debug|x64.Build.0 = Debug|Any CPU
		{1F3440D3-2C9E-48E1-A90E-F0AD2EC86421}.Debug|x86.ActiveCfg = Debug|Any CPU
		{1F3440D3-2C9E-48E1-A90E-F0AD2EC86421}.Debug|x86.Build.0 = Debug|Any CPU
		{1F3440D3-2C9E-48E1-A90E-F0AD2EC86421}.Release|Any CPU.ActiveCfg = Release|Any CPU
		{1F3440D3-2C9E-48E1-A90E-F0AD2EC86421}.Release|Any CPU.Build.0 = Release|Any CPU
		{1F3440D3-2C9E-48E1-A90E-F0AD2EC86421}.Release|ARM.ActiveCfg = Release|Any CPU
		{1F3440D3-2C9E-48E1-A90E-F0AD2EC86421}.Release|ARM.Build.0 = Release|Any CPU
		{1F3440D3-2C9E-48E1-A90E-F0AD2EC86421}.Release|x64.ActiveCfg = Release|Any CPU
		{1F3440D3-2C9E-48E1-A90E-F0AD2EC86421}.Release|x64.Build.0 = Release|Any CPU
		{1F3440D3-2C9E-48E1-A90E-F0AD2EC86421}.Release|x86.ActiveCfg = Release|Any CPU
		{1F3440D3-2C9E-48E1-A90E-F0AD2EC86421}.Release|x86.Build.0 = Release|Any CPU
		{C19E885A-0232-43BF-8EC5-06C245319525}.Debug|Any CPU.ActiveCfg = Debug|Any CPU
		{C19E885A-0232-43BF-8EC5-06C245319525}.Debug|Any CPU.Build.0 = Debug|Any CPU
		{C19E885A-0232-43BF-8EC5-06C245319525}.Debug|ARM.ActiveCfg = Debug|Any CPU
		{C19E885A-0232-43BF-8EC5-06C245319525}.Debug|ARM.Build.0 = Debug|Any CPU
		{C19E885A-0232-43BF-8EC5-06C245319525}.Debug|x64.ActiveCfg = Debug|Any CPU
		{C19E885A-0232-43BF-8EC5-06C245319525}.Debug|x64.Build.0 = Debug|Any CPU
		{C19E885A-0232-43BF-8EC5-06C245319525}.Debug|x86.ActiveCfg = Debug|Any CPU
		{C19E885A-0232-43BF-8EC5-06C245319525}.Debug|x86.Build.0 = Debug|Any CPU
		{C19E885A-0232-43BF-8EC5-06C245319525}.Release|Any CPU.ActiveCfg = Release|Any CPU
		{C19E885A-0232-43BF-8EC5-06C245319525}.Release|Any CPU.Build.0 = Release|Any CPU
		{C19E885A-0232-43BF-8EC5-06C245319525}.Release|ARM.ActiveCfg = Release|Any CPU
		{C19E885A-0232-43BF-8EC5-06C245319525}.Release|ARM.Build.0 = Release|Any CPU
		{C19E885A-0232-43BF-8EC5-06C245319525}.Release|x64.ActiveCfg = Release|Any CPU
		{C19E885A-0232-43BF-8EC5-06C245319525}.Release|x64.Build.0 = Release|Any CPU
		{C19E885A-0232-43BF-8EC5-06C245319525}.Release|x86.ActiveCfg = Release|Any CPU
		{C19E885A-0232-43BF-8EC5-06C245319525}.Release|x86.Build.0 = Release|Any CPU
	EndGlobalSection
	GlobalSection(MonoDevelopProperties) = preSolution
		StartupItem = Jace.Android.Tests\Jace.Android.Tests.csproj
	EndGlobalSection
	GlobalSection(SolutionProperties) = preSolution
		HideSolutionNode = FALSE
	EndGlobalSection
EndGlobal
